<?xml version="1.0" encoding="utf-8"?>
<Project ToolsVersion="4.0" xmlns="http://schemas.microsoft.com/developer/msbuild/2003">
  <ItemGroup>
    <Filter Include="File di origine">
      <UniqueIdentifier>{4FC737F1-C7A5-4376-A066-2A32D752A2FF}</UniqueIdentifier>
      <Extensions>cpp;c;cc;cxx;c++;cppm;ixx;def;odl;idl;hpj;bat;asm;asmx</Extensions>
    </Filter>
    <Filter Include="File di intestazione">
      <UniqueIdentifier>{93995380-89BD-4b04-88EB-625FBE52EBFB}</UniqueIdentifier>
      <Extensions>h;hh;hpp;hxx;h++;hm;inl;inc;ipp;xsd</Extensions>
    </Filter>
    <Filter Include="File di risorse">
      <UniqueIdentifier>{67DA6AB6-F800-4c08-8B7A-83BB121AAD01}</UniqueIdentifier>
      <Extensions>rc;ico;cur;bmp;dlg;rc2;rct;bin;rgs;gif;jpg;jpeg;jpe;resx;tiff;tif;png;wav;mfcribbon-ms</Extensions>
    </Filter>
  </ItemGroup>
  <ItemGroup>
    <Image Include="images\render.png">
      <Filter>File di risorse</Filter>
    </Image>
  </ItemGroup>
  <ItemGroup>
    <ClCompile Include="src\main.cpp">
      <Filter>File di origine</Filter>
    </ClCompile>
    <ClCompile Include="src\Random.cpp">
      <Filter>File di origine</Filter>
    </ClCompile>
    <ClCompile Include="src\Vector3.cpp">
      <Filter>File di origine</Filter>
    </ClCompile>
  </ItemGroup>
  <ItemGroup>
    <ClInclude Include="src\Camera.h">
      <Filter>File di intestazione</Filter>
    </ClInclude>
    <ClInclude Include="src\Common.h">
      <Filter>File di intestazione</Filter>
    </ClInclude>
    <ClInclude Include="src\Hittable.h">
      <Filter>File di intestazione</Filter>
    </ClInclude>
    <ClInclude Include="src\Image.h">
      <Filter>File di intestazione</Filter>
    </ClInclude>
    <ClInclude Include="src\Material.h">
      <Filter>File di intestazione</Filter>
    </ClInclude>
    <ClInclude Include="src\Random.h">
      <Filter>File di intestazione</Filter>
    </ClInclude>
    <ClInclude Include="src\Ray.h">
      <Filter>File di intestazione</Filter>
    </ClInclude>
    <ClInclude Include="src\Renderer.h">
      <Filter>File di intestazione</Filter>
    </ClInclude>
    <ClInclude Include="src\RenderSettings.h">
      <Filter>File di intestazione</Filter>
    </ClInclude>
    <ClInclude Include="src\RenderThread.h">
      <Filter>File di intestazione</Filter>
    </ClInclude>
    <ClInclude Include="src\Scene.h">
      <Filter>File di intestazione</Filter>
    </ClInclude>
    <ClInclude Include="src\Sphere.h">
      <Filter>File di intestazione</Filter>
    </ClInclude>
    <ClInclude Include="src\Vector3.h">
      <Filter>File di intestazione</Filter>
    </ClInclude>
    <ClInclude Include="src\JsonDeserializer.h">
      <Filter>File di intestazione</Filter>
    </ClInclude>
    <ClInclude Include="src\HitRecord.h">
      <Filter>File di intestazione</Filter>
    </ClInclude>
    <ClInclude Include="src\MovingSphere.h">
      <Filter>File di intestazione</Filter>
    </ClInclude>
    <ClInclude Include="src\JsonSerializer.h">
      <Filter>File di intestazione</Filter>
    </ClInclude>
    <ClInclude Include="src\AABB.h">
      <Filter>File di intestazione</Filter>
    </ClInclude>
    <ClInclude Include="src\BVH.h">
      <Filter>File di intestazione</Filter>
    </ClInclude>
    <ClInclude Include="src\Texture.h">
      <Filter>File di intestazione</Filter>
    </ClInclude>
    <ClInclude Include="src\Rectangle.h">
      <Filter>File di intestazione</Filter>
    </ClInclude>
    <ClInclude Include="src\Box.h">
      <Filter>File di intestazione</Filter>
    </ClInclude>
    <ClInclude Include="src\Instance.h">
      <Filter>File di intestazione</Filter>
    </ClInclude>
    <ClInclude Include="src\Volume.h">
      <Filter>File di intestazione</Filter>
    </ClInclude>
  </ItemGroup>
  <ItemGroup>
    <None Include="scenes\bouncing_spheres.json">
      <Filter>File di risorse</Filter>
    </None>
    <None Include="scenes\spheres.json">
      <Filter>File di risorse</Filter>
    </None>
  </ItemGroup>
</Project>